// !$*UTF8*$!
{
	archiveVersion = 1;
	classes = {
	};
	objectVersion = 56;
	objects = {

/* Begin PBXBuildFile section */
		C74A72CF293BA950003DFE3C /* voiconApp.swift in Sources */ = {isa = PBXBuildFile; fileRef = C74A72CE293BA950003DFE3C /* voiconApp.swift */; };
		C74A72D1293BA950003DFE3C /* ContentView.swift in Sources */ = {isa = PBXBuildFile; fileRef = C74A72D0293BA950003DFE3C /* ContentView.swift */; };
		C74A72D3293BA952003DFE3C /* Assets.xcassets in Resources */ = {isa = PBXBuildFile; fileRef = C74A72D2293BA952003DFE3C /* Assets.xcassets */; };
		C74A72D6293BA952003DFE3C /* Preview Assets.xcassets in Resources */ = {isa = PBXBuildFile; fileRef = C74A72D5293BA952003DFE3C /* Preview Assets.xcassets */; };
		C74A72E0293BA952003DFE3C /* voiconTests.swift in Sources */ = {isa = PBXBuildFile; fileRef = C74A72DF293BA952003DFE3C /* voiconTests.swift */; };
		C74A72EA293BA952003DFE3C /* voiconUITests.swift in Sources */ = {isa = PBXBuildFile; fileRef = C74A72E9293BA952003DFE3C /* voiconUITests.swift */; };
		C74A72EC293BA952003DFE3C /* voiconUITestsLaunchTests.swift in Sources */ = {isa = PBXBuildFile; fileRef = C74A72EB293BA952003DFE3C /* voiconUITestsLaunchTests.swift */; };
/* End PBXBuildFile section */

/* Begin PBXContainerItemProxy section */
		C74A72DC293BA952003DFE3C /* PBXContainerItemProxy */ = {
			isa = PBXContainerItemProxy;
			containerPortal = C74A72C3293BA950003DFE3C /* Project object */;
			proxyType = 1;
			remoteGlobalIDString = C74A72CA293BA950003DFE3C;
			remoteInfo = voicon;
		};
		C74A72E6293BA952003DFE3C /* PBXContainerItemProxy */ = {
			isa = PBXContainerItemProxy;
			containerPortal = C74A72C3293BA950003DFE3C /* Project object */;
			proxyType = 1;
			remoteGlobalIDString = C74A72CA293BA950003DFE3C;
			remoteInfo = voicon;
		};
/* End PBXContainerItemProxy section */

/* Begin PBXFileReference section */
		C74A72CB293BA950003DFE3C /* voicon.app */ = {isa = PBXFileReference; explicitFileType = wrapper.application; includeInIndex = 0; path = voicon.app; sourceTree = BUILT_PRODUCTS_DIR; };
		C74A72CE293BA950003DFE3C /* voiconApp.swift */ = {isa = PBXFileReference; lastKnownFileType = sourcecode.swift; path = voiconApp.swift; sourceTree = "<group>"; };
		C74A72D0293BA950003DFE3C /* ContentView.swift */ = {isa = PBXFileReference; lastKnownFileType = sourcecode.swift; path = ContentView.swift; sourceTree = "<group>"; };
		C74A72D2293BA952003DFE3C /* Assets.xcassets */ = {isa = PBXFileReference; lastKnownFileType = folder.assetcatalog; path = Assets.xcassets; sourceTree = "<group>"; };
		C74A72D5293BA952003DFE3C /* Preview Assets.xcassets */ = {isa = PBXFileReference; lastKnownFileType = folder.assetcatalog; path = "Preview Assets.xcassets"; sourceTree = "<group>"; };
		C74A72DB293BA952003DFE3C /* voiconTests.xctest */ = {isa = PBXFileReference; explicitFileType = wrapper.cfbundle; includeInIndex = 0; path = voiconTests.xctest; sourceTree = BUILT_PRODUCTS_DIR; };
		C74A72DF293BA952003DFE3C /* voiconTests.swift */ = {isa = PBXFileReference; lastKnownFileType = sourcecode.swift; path = voiconTests.swift; sourceTree = "<group>"; };
		C74A72E5293BA952003DFE3C /* voiconUITests.xctest */ = {isa = PBXFileReference; explicitFileType = wrapper.cfbundle; includeInIndex = 0; path = voiconUITests.xctest; sourceTree = BUILT_PRODUCTS_DIR; };
		C74A72E9293BA952003DFE3C /* voiconUITests.swift */ = {isa = PBXFileReference; lastKnownFileType = sourcecode.swift; path = voiconUITests.swift; sourceTree = "<group>"; };
		C74A72EB293BA952003DFE3C /* voiconUITestsLaunchTests.swift */ = {isa = PBXFileReference; lastKnownFileType = sourcecode.swift; path = voiconUITestsLaunchTests.swift; sourceTree = "<group>"; };
/* End PBXFileReference section */

/* Begin PBXFrameworksBuildPhase section */
		C74A72C8293BA950003DFE3C /* Frameworks */ = {
			isa = PBXFrameworksBuildPhase;
			buildActionMask = 2147483647;
			files = (
			);
			runOnlyForDeploymentPostprocessing = 0;
		};
		C74A72D8293BA952003DFE3C /* Frameworks */ = {
			isa = PBXFrameworksBuildPhase;
			buildActionMask = 2147483647;
			files = (
			);
			runOnlyForDeploymentPostprocessing = 0;
		};
		C74A72E2293BA952003DFE3C /* Frameworks */ = {
			isa = PBXFrameworksBuildPhase;
			buildActionMask = 2147483647;
			files = (
			);
			runOnlyForDeploymentPostprocessing = 0;
		};
/* End PBXFrameworksBuildPhase section */

/* Begin PBXGroup section */
		C74A72C2293BA950003DFE3C = {
			isa = PBXGroup;
			children = (
				C74A72CD293BA950003DFE3C /* voicon */,
				C74A72DE293BA952003DFE3C /* voiconTests */,
				C74A72E8293BA952003DFE3C /* voiconUITests */,
				C74A72CC293BA950003DFE3C /* Products */,
			);
			sourceTree = "<group>";
		};
		C74A72CC293BA950003DFE3C /* Products */ = {
			isa = PBXGroup;
			children = (
				C74A72CB293BA950003DFE3C /* voicon.app */,
				C74A72DB293BA952003DFE3C /* voiconTests.xctest */,
				C74A72E5293BA952003DFE3C /* voiconUITests.xctest */,
			);
			name = Products;
			sourceTree = "<group>";
		};
		C74A72CD293BA950003DFE3C /* voicon */ = {
			isa = PBXGroup;
			children = (
				C74A72CE293BA950003DFE3C /* voiconApp.swift */,
				C74A72D0293BA950003DFE3C /* ContentView.swift */,
				C74A72D2293BA952003DFE3C /* Assets.xcassets */,
				C74A72D4293BA952003DFE3C /* Preview Content */,
			);
			path = voicon;
			sourceTree = "<group>";
		};
		C74A72D4293BA952003DFE3C /* Preview Content */ = {
			isa = PBXGroup;
			children = (
				C74A72D5293BA952003DFE3C /* Preview Assets.xcassets */,
			);
			path = "Preview Content";
			sourceTree = "<group>";
		};
		C74A72DE293BA952003DFE3C /* voiconTests */ = {
			isa = PBXGroup;
			children = (
				C74A72DF293BA952003DFE3C /* voiconTests.swift */,
			);
			path = voiconTests;
			sourceTree = "<group>";
		};
		C74A72E8293BA952003DFE3C /* voiconUITests */ = {
			isa = PBXGroup;
			children = (
				C74A72E9293BA952003DFE3C /* voiconUITests.swift */,
				C74A72EB293BA952003DFE3C /* voiconUITestsLaunchTests.swift */,
			);
			path = voiconUITests;
			sourceTree = "<group>";
		};
/* End PBXGroup section */

/* Begin PBXNativeTarget section */
		C74A72CA293BA950003DFE3C /* voicon */ = {
			isa = PBXNativeTarget;
			buildConfigurationList = C74A72EF293BA952003DFE3C /* Build configuration list for PBXNativeTarget "voicon" */;
			buildPhases = (
				C74A72C7293BA950003DFE3C /* Sources */,
				C74A72C8293BA950003DFE3C /* Frameworks */,
				C74A72C9293BA950003DFE3C /* Resources */,
			);
			buildRules = (
			);
			dependencies = (
			);
			name = voicon;
			productName = voicon;
			productReference = C74A72CB293BA950003DFE3C /* voicon.app */;
			productType = "com.apple.product-type.application";
		};
		C74A72DA293BA952003DFE3C /* voiconTests */ = {
			isa = PBXNativeTarget;
			buildConfigurationList = C74A72F2293BA952003DFE3C /* Build configuration list for PBXNativeTarget "voiconTests" */;
			buildPhases = (
				C74A72D7293BA952003DFE3C /* Sources */,
				C74A72D8293BA952003DFE3C /* Frameworks */,
				C74A72D9293BA952003DFE3C /* Resources */,
			);
			buildRules = (
			);
			dependencies = (
				C74A72DD293BA952003DFE3C /* PBXTargetDependency */,
			);
			name = voiconTests;
			productName = voiconTests;
			productReference = C74A72DB293BA952003DFE3C /* voiconTests.xctest */;
			productType = "com.apple.product-type.bundle.unit-test";
		};
		C74A72E4293BA952003DFE3C /* voiconUITests */ = {
			isa = PBXNativeTarget;
			buildConfigurationList = C74A72F5293BA952003DFE3C /* Build configuration list for PBXNativeTarget "voiconUITests" */;
			buildPhases = (
				C74A72E1293BA952003DFE3C /* Sources */,
				C74A72E2293BA952003DFE3C /* Frameworks */,
				C74A72E3293BA952003DFE3C /* Resources */,
			);
			buildRules = (
			);
			dependencies = (
				C74A72E7293BA952003DFE3C /* PBXTargetDependency */,
			);
			name = voiconUITests;
			productName = voiconUITests;
			productReference = C74A72E5293BA952003DFE3C /* voiconUITests.xctest */;
			productType = "com.apple.product-type.bundle.ui-testing";
		};
/* End PBXNativeTarget section */

/* Begin PBXProject section */
		C74A72C3293BA950003DFE3C /* Project object */ = {
			isa = PBXProject;
			attributes = {
				BuildIndependentTargetsInParallel = 1;
				LastSwiftUpdateCheck = 1410;
				LastUpgradeCheck = 1410;
				TargetAttributes = {
					C74A72CA293BA950003DFE3C = {
						CreatedOnToolsVersion = 14.1;
					};
					C74A72DA293BA952003DFE3C = {
						CreatedOnToolsVersion = 14.1;
						TestTargetID = C74A72CA293BA950003DFE3C;
					};
					C74A72E4293BA952003DFE3C = {
						CreatedOnToolsVersion = 14.1;
						TestTargetID = C74A72CA293BA950003DFE3C;
					};
				};
			};
			buildConfigurationList = C74A72C6293BA950003DFE3C /* Build configuration list for PBXProject "voicon" */;
			compatibilityVersion = "Xcode 14.0";
			developmentRegion = en;
			hasScannedForEncodings = 0;
			knownRegions = (
				en,
				Base,
			);
			mainGroup = C74A72C2293BA950003DFE3C;
			productRefGroup = C74A72CC293BA950003DFE3C /* Products */;
			projectDirPath = "";
			projectRoot = "";
			targets = (
				C74A72CA293BA950003DFE3C /* voicon */,
				C74A72DA293BA952003DFE3C /* voiconTests */,
				C74A72E4293BA952003DFE3C /* voiconUITests */,
			);
		};
/* End PBXProject section */

/* Begin PBXResourcesBuildPhase section */
		C74A72C9293BA950003DFE3C /* Resources */ = {
			isa = PBXResourcesBuildPhase;
			buildActionMask = 2147483647;
			files = (
				C74A72D6293BA952003DFE3C /* Preview Assets.xcassets in Resources */,
				C74A72D3293BA952003DFE3C /* Assets.xcassets in Resources */,
			);
			runOnlyForDeploymentPostprocessing = 0;
		};
		C74A72D9293BA952003DFE3C /* Resources */ = {
			isa = PBXResourcesBuildPhase;
			buildActionMask = 2147483647;
			files = (
			);
			runOnlyForDeploymentPostprocessing = 0;
		};
		C74A72E3293BA952003DFE3C /* Resources */ = {
			isa = PBXResourcesBuildPhase;
			buildActionMask = 2147483647;
			files = (
			);
			runOnlyForDeploymentPostprocessing = 0;
		};
/* End PBXResourcesBuildPhase section */

/* Begin PBXSourcesBuildPhase section */
		C74A72C7293BA950003DFE3C /* Sources */ = {
			isa = PBXSourcesBuildPhase;
			buildActionMask = 2147483647;
			files = (
				C74A72D1293BA950003DFE3C /* ContentView.swift in Sources */,
				C74A72CF293BA950003DFE3C /* voiconApp.swift in Sources */,
			);
			runOnlyForDeploymentPostprocessing = 0;
		};
		C74A72D7293BA952003DFE3C /* Sources */ = {
			isa = PBXSourcesBuildPhase;
			buildActionMask = 2147483647;
			files = (
				C74A72E0293BA952003DFE3C /* voiconTests.swift in Sources */,
			);
			runOnlyForDeploymentPostprocessing = 0;
		};
		C74A72E1293BA952003DFE3C /* Sources */ = {
			isa = PBXSourcesBuildPhase;
			buildActionMask = 2147483647;
			files = (
				C74A72EC293BA952003DFE3C /* voiconUITestsLaunchTests.swift in Sources */,
				C74A72EA293BA952003DFE3C /* voiconUITests.swift in Sources */,
			);
			runOnlyForDeploymentPostprocessing = 0;
		};
/* End PBXSourcesBuildPhase section */

/* Begin PBXTargetDependency section */
		C74A72DD293BA952003DFE3C /* PBXTargetDependency */ = {
			isa = PBXTargetDependency;
			target = C74A72CA293BA950003DFE3C /* voicon */;
			targetProxy = C74A72DC293BA952003DFE3C /* PBXContainerItemProxy */;
		};
		C74A72E7293BA952003DFE3C /* PBXTargetDependency */ = {
			isa = PBXTargetDependency;
			target = C74A72CA293BA950003DFE3C /* voicon */;
			targetProxy = C74A72E6293BA952003DFE3C /* PBXContainerItemProxy */;
		};
/* End PBXTargetDependency section */

/* Begin XCBuildConfiguration section */
		C74A72ED293BA952003DFE3C /* Debug */ = {
			isa = XCBuildConfiguration;
			buildSettings = {
				ALWAYS_SEARCH_USER_PATHS = NO;
				CLANG_ANALYZER_NONNULL = YES;
				CLANG_ANALYZER_NUMBER_OBJECT_CONVERSION = YES_AGGRESSIVE;
				CLANG_CXX_LANGUAGE_STANDARD = "gnu++20";
				CLANG_ENABLE_MODULES = YES;
				CLANG_ENABLE_OBJC_ARC = YES;
				CLANG_ENABLE_OBJC_WEAK = YES;
				CLANG_WARN_BLOCK_CAPTURE_AUTORELEASING = YES;
				CLANG_WARN_BOOL_CONVERSION = YES;
				CLANG_WARN_COMMA = YES;
				CLANG_WARN_CONSTANT_CONVERSION = YES;
				CLANG_WARN_DEPRECATED_OBJC_IMPLEMENTATIONS = YES;
				CLANG_WARN_DIRECT_OBJC_ISA_USAGE = YES_ERROR;
				CLANG_WARN_DOCUMENTATION_COMMENTS = YES;
				CLANG_WARN_EMPTY_BODY = YES;
				CLANG_WARN_ENUM_CONVERSION = YES;
				CLANG_WARN_INFINITE_RECURSION = YES;
				CLANG_WARN_INT_CONVERSION = YES;
				CLANG_WARN_NON_LITERAL_NULL_CONVERSION = YES;
				CLANG_WARN_OBJC_IMPLICIT_RETAIN_SELF = YES;
				CLANG_WARN_OBJC_LITERAL_CONVERSION = YES;
				CLANG_WARN_OBJC_ROOT_CLASS = YES_ERROR;
				CLANG_WARN_QUOTED_INCLUDE_IN_FRAMEWORK_HEADER = YES;
				CLANG_WARN_RANGE_LOOP_ANALYSIS = YES;
				CLANG_WARN_STRICT_PROTOTYPES = YES;
				CLANG_WARN_SUSPICIOUS_MOVE = YES;
				CLANG_WARN_UNGUARDED_AVAILABILITY = YES_AGGRESSIVE;
				CLANG_WARN_UNREACHABLE_CODE = YES;
				CLANG_WARN__DUPLICATE_METHOD_MATCH = YES;
				COPY_PHASE_STRIP = NO;
				DEBUG_INFORMATION_FORMAT = dwarf;
				ENABLE_STRICT_OBJC_MSGSEND = YES;
				ENABLE_TESTABILITY = YES;
				GCC_C_LANGUAGE_STANDARD = gnu11;
				GCC_DYNAMIC_NO_PIC = NO;
				GCC_NO_COMMON_BLOCKS = YES;
				GCC_OPTIMIZATION_LEVEL = 0;
				GCC_PREPROCESSOR_DEFINITIONS = (
					"DEBUG=1",
					"$(inherited)",
				);
				GCC_WARN_64_TO_32_BIT_CONVERSION = YES;
				GCC_WARN_ABOUT_RETURN_TYPE = YES_ERROR;
				GCC_WARN_UNDECLARED_SELECTOR = YES;
				GCC_WARN_UNINITIALIZED_AUTOS = YES_AGGRESSIVE;
				GCC_WARN_UNUSED_FUNCTION = YES;
				GCC_WARN_UNUSED_VARIABLE = YES;
				IPHONEOS_DEPLOYMENT_TARGET = 16.1;
				MTL_ENABLE_DEBUG_INFO = INCLUDE_SOURCE;
				MTL_FAST_MATH = YES;
				ONLY_ACTIVE_ARCH = YES;
				SDKROOT = iphoneos;
				SWIFT_ACTIVE_COMPILATION_CONDITIONS = DEBUG;
				SWIFT_OPTIMIZATION_LEVEL = "-Onone";
			};
			name = Debug;
		};
		C74A72EE293BA952003DFE3C /* Release */ = {
			isa = XCBuildConfiguration;
			buildSettings = {
				ALWAYS_SEARCH_USER_PATHS = NO;
				CLANG_ANALYZER_NONNULL = YES;
				CLANG_ANALYZER_NUMBER_OBJECT_CONVERSION = YES_AGGRESSIVE;
				CLANG_CXX_LANGUAGE_STANDARD = "gnu++20";
				CLANG_ENABLE_MODULES = YES;
				CLANG_ENABLE_OBJC_ARC = YES;
				CLANG_ENABLE_OBJC_WEAK = YES;
				CLANG_WARN_BLOCK_CAPTURE_AUTORELEASING = YES;
				CLANG_WARN_BOOL_CONVERSION = YES;
				CLANG_WARN_COMMA = YES;
				CLANG_WARN_CONSTANT_CONVERSION = YES;
				CLANG_WARN_DEPRECATED_OBJC_IMPLEMENTATIONS = YES;
				CLANG_WARN_DIRECT_OBJC_ISA_USAGE = YES_ERROR;
				CLANG_WARN_DOCUMENTATION_COMMENTS = YES;
				CLANG_WARN_EMPTY_BODY = YES;
				CLANG_WARN_ENUM_CONVERSION = YES;
				CLANG_WARN_INFINITE_RECURSION = YES;
				CLANG_WARN_INT_CONVERSION = YES;
				CLANG_WARN_NON_LITERAL_NULL_CONVERSION = YES;
				CLANG_WARN_OBJC_IMPLICIT_RETAIN_SELF = YES;
				CLANG_WARN_OBJC_LITERAL_CONVERSION = YES;
				CLANG_WARN_OBJC_ROOT_CLASS = YES_ERROR;
				CLANG_WARN_QUOTED_INCLUDE_IN_FRAMEWORK_HEADER = YES;
				CLANG_WARN_RANGE_LOOP_ANALYSIS = YES;
				CLANG_WARN_STRICT_PROTOTYPES = YES;
				CLANG_WARN_SUSPICIOUS_MOVE = YES;
				CLANG_WARN_UNGUARDED_AVAILABILITY = YES_AGGRESSIVE;
				CLANG_WARN_UNREACHABLE_CODE = YES;
				CLANG_WARN__DUPLICATE_METHOD_MATCH = YES;
				COPY_PHASE_STRIP = NO;
				DEBUG_INFORMATION_FORMAT = "dwarf-with-dsym";
				ENABLE_NS_ASSERTIONS = NO;
				ENABLE_STRICT_OBJC_MSGSEND = YES;
				GCC_C_LANGUAGE_STANDARD = gnu11;
				GCC_NO_COMMON_BLOCKS = YES;
				GCC_WARN_64_TO_32_BIT_CONVERSION = YES;
				GCC_WARN_ABOUT_RETURN_TYPE = YES_ERROR;
				GCC_WARN_UNDECLARED_SELECTOR = YES;
				GCC_WARN_UNINITIALIZED_AUTOS = YES_AGGRESSIVE;
				GCC_WARN_UNUSED_FUNCTION = YES;
				GCC_WARN_UNUSED_VARIABLE = YES;
				IPHONEOS_DEPLOYMENT_TARGET = 16.1;
				MTL_ENABLE_DEBUG_INFO = NO;
				MTL_FAST_MATH = YES;
				SDKROOT = iphoneos;
				SWIFT_COMPILATION_MODE = wholemodule;
				SWIFT_OPTIMIZATION_LEVEL = "-O";
				VALIDATE_PRODUCT = YES;
			};
			name = Release;
		};
		C74A72F0293BA952003DFE3C /* Debug */ = {
			isa = XCBuildConfiguration;
			buildSettings = {
				ASSETCATALOG_COMPILER_APPICON_NAME = AppIcon;
				ASSETCATALOG_COMPILER_GLOBAL_ACCENT_COLOR_NAME = AccentColor;
				CODE_SIGN_STYLE = Automatic;
				CURRENT_PROJECT_VERSION = 1;
				DEVELOPMENT_ASSET_PATHS = "\"voicon/Preview Content\"";
				DEVELOPMENT_TEAM = 4HYMUWT83V;
				ENABLE_PREVIEWS = YES;
				GENERATE_INFOPLIST_FILE = YES;
				INFOPLIST_KEY_UIApplicationSceneManifest_Generation = YES;
				INFOPLIST_KEY_UIApplicationSupportsIndirectInputEvents = YES;
				INFOPLIST_KEY_UILaunchScreen_Generation = YES;
				INFOPLIST_KEY_UISupportedInterfaceOrientations_iPad = "UIInterfaceOrientationPortrait UIInterfaceOrientationPortraitUpsideDown UIInterfaceOrientationLandscapeLeft UIInterfaceOrientationLandscapeRight";
				INFOPLIST_KEY_UISupportedInterfaceOrientations_iPhone = "UIInterfaceOrientationPortrait UIInterfaceOrientationLandscapeLeft UIInterfaceOrientationLandscapeRight";
				LD_RUNPATH_SEARCH_PATHS = (
					"$(inherited)",
					"@executable_path/Frameworks",
				);
				MARKETING_VERSION = 1.0;
				PRODUCT_BUNDLE_IDENTIFIER = jyshin.voicon;
				PRODUCT_NAME = "$(TARGET_NAME)";
				SWIFT_EMIT_LOC_STRINGS = YES;
				SWIFT_VERSION = 5.0;
				TARGETED_DEVICE_FAMILY = "1,2";
			};
			name = Debug;
		};
		C74A72F1293BA952003DFE3C /* Release */ = {
			isa = XCBuildConfiguration;
			buildSettings = {
				ASSETCATALOG_COMPILER_APPICON_NAME = AppIcon;
				ASSETCATALOG_COMPILER_GLOBAL_ACCENT_COLOR_NAME = AccentColor;
				CODE_SIGN_STYLE = Automatic;
				CURRENT_PROJECT_VERSION = 1;
				DEVELOPMENT_ASSET_PATHS = "\"voicon/Preview Content\"";
				DEVELOPMENT_TEAM = 4HYMUWT83V;
				ENABLE_PREVIEWS = YES;
				GENERATE_INFOPLIST_FILE = YES;
				INFOPLIST_KEY_UIApplicationSceneManifest_Generation = YES;
				INFOPLIST_KEY_UIApplicationSupportsIndirectInputEvents = YES;
				INFOPLIST_KEY_UILaunchScreen_Generation = YES;
				INFOPLIST_KEY_UISupportedInterfaceOrientations_iPad = "UIInterfaceOrientationPortrait UIInterfaceOrientationPortraitUpsideDown UIInterfaceOrientationLandscapeLeft UIInterfaceOrientationLandscapeRight";
				INFOPLIST_KEY_UISupportedInterfaceOrientations_iPhone = "UIInterfaceOrientationPortrait UIInterfaceOrientationLandscapeLeft UIInterfaceOrientationLandscapeRight";
				LD_RUNPATH_SEARCH_PATHS = (
					"$(inherited)",
					"@executable_path/Frameworks",
				);
				MARKETING_VERSION = 1.0;
				PRODUCT_BUNDLE_IDENTIFIER = jyshin.voicon;
				PRODUCT_NAME = "$(TARGET_NAME)";
				SWIFT_EMIT_LOC_STRINGS = YES;
				SWIFT_VERSION = 5.0;
				TARGETED_DEVICE_FAMILY = "1,2";
			};
			name = Release;
		};
		C74A72F3293BA952003DFE3C /* Debug */ = {
			isa = XCBuildConfiguration;
			buildSettings = {
				ALWAYS_EMBED_SWIFT_STANDARD_LIBRARIES = YES;
				BUNDLE_LOADER = "$(TEST_HOST)";
				CODE_SIGN_STYLE = Automatic;
				CURRENT_PROJECT_VERSION = 1;
				DEVELOPMENT_TEAM = 4HYMUWT83V;
				GENERATE_INFOPLIST_FILE = YES;
				IPHONEOS_DEPLOYMENT_TARGET = 16.1;
				MARKETING_VERSION = 1.0;
				PRODUCT_BUNDLE_IDENTIFIER = jyshin.voiconTests;
				PRODUCT_NAME = "$(TARGET_NAME)";
				SWIFT_EMIT_LOC_STRINGS = NO;
				SWIFT_VERSION = 5.0;
				TARGETED_DEVICE_FAMILY = "1,2";
				TEST_HOST = "$(BUILT_PRODUCTS_DIR)/voicon.app/$(BUNDLE_EXECUTABLE_FOLDER_PATH)/voicon";
			};
			name = Debug;
		};
		C74A72F4293BA952003DFE3C /* Release */ = {
			isa = XCBuildConfiguration;
			buildSettings = {
				ALWAYS_EMBED_SWIFT_STANDARD_LIBRARIES = YES;
				BUNDLE_LOADER = "$(TEST_HOST)";
				CODE_SIGN_STYLE = Automatic;
				CURRENT_PROJECT_VERSION = 1;
				DEVELOPMENT_TEAM = 4HYMUWT83V;
				GENERATE_INFOPLIST_FILE = YES;
				IPHONEOS_DEPLOYMENT_TARGET = 16.1;
				MARKETING_VERSION = 1.0;
				PRODUCT_BUNDLE_IDENTIFIER = jyshin.voiconTests;
				PRODUCT_NAME = "$(TARGET_NAME)";
				SWIFT_EMIT_LOC_STRINGS = NO;
				SWIFT_VERSION = 5.0;
				TARGETED_DEVICE_FAMILY = "1,2";
				TEST_HOST = "$(BUILT_PRODUCTS_DIR)/voicon.app/$(BUNDLE_EXECUTABLE_FOLDER_PATH)/voicon";
			};
			name = Release;
		};
		C74A72F6293BA952003DFE3C /* Debug */ = {
			isa = XCBuildConfiguration;
			buildSettings = {
				ALWAYS_EMBED_SWIFT_STANDARD_LIBRARIES = YES;
				CODE_SIGN_STYLE = Automatic;
				CURRENT_PROJECT_VERSION = 1;
				DEVELOPMENT_TEAM = 4HYMUWT83V;
				GENERATE_INFOPLIST_FILE = YES;
				MARKETING_VERSION = 1.0;
				PRODUCT_BUNDLE_IDENTIFIER = jyshin.voiconUITests;
				PRODUCT_NAME = "$(TARGET_NAME)";
				SWIFT_EMIT_LOC_STRINGS = NO;
				SWIFT_VERSION = 5.0;
				TARGETED_DEVICE_FAMILY = "1,2";
				TEST_TARGET_NAME = voicon;
			};
			name = Debug;
		};
		C74A72F7293BA952003DFE3C /* Release */ = {
			isa = XCBuildConfiguration;
			buildSettings = {
				ALWAYS_EMBED_SWIFT_STANDARD_LIBRARIES = YES;
				CODE_SIGN_STYLE = Automatic;
				CURRENT_PROJECT_VERSION = 1;
				DEVELOPMENT_TEAM = 4HYMUWT83V;
				GENERATE_INFOPLIST_FILE = YES;
				MARKETING_VERSION = 1.0;
				PRODUCT_BUNDLE_IDENTIFIER = jyshin.voiconUITests;
				PRODUCT_NAME = "$(TARGET_NAME)";
				SWIFT_EMIT_LOC_STRINGS = NO;
				SWIFT_VERSION = 5.0;
				TARGETED_DEVICE_FAMILY = "1,2";
				TEST_TARGET_NAME = voicon;
			};
			name = Release;
		};
/* End XCBuildConfiguration section */

/* Begin XCConfigurationList section */
		C74A72C6293BA950003DFE3C /* Build configuration list for PBXProject "voicon" */ = {
			isa = XCConfigurationList;
			buildConfigurations = (
				C74A72ED293BA952003DFE3C /* Debug */,
				C74A72EE293BA952003DFE3C /* Release */,
			);
			defaultConfigurationIsVisible = 0;
			defaultConfigurationName = Release;
		};
		C74A72EF293BA952003DFE3C /* Build configuration list for PBXNativeTarget "voicon" */ = {
			isa = XCConfigurationList;
			buildConfigurations = (
				C74A72F0293BA952003DFE3C /* Debug */,
				C74A72F1293BA952003DFE3C /* Release */,
			);
			defaultConfigurationIsVisible = 0;
			defaultConfigurationName = Release;
		};
		C74A72F2293BA952003DFE3C /* Build configuration list for PBXNativeTarget "voiconTests" */ = {
			isa = XCConfigurationList;
			buildConfigurations = (
				C74A72F3293BA952003DFE3C /* Debug */,
				C74A72F4293BA952003DFE3C /* Release */,
			);
			defaultConfigurationIsVisible = 0;
			defaultConfigurationName = Release;
		};
		C74A72F5293BA952003DFE3C /* Build configuration list for PBXNativeTarget "voiconUITests" */ = {
			isa = XCConfigurationList;
			buildConfigurations = (
				C74A72F6293BA952003DFE3C /* Debug */,
				C74A72F7293BA952003DFE3C /* Release */,
			);
			defaultConfigurationIsVisible = 0;
			defaultConfigurationName = Release;
		};
/* End XCConfigurationList section */
	};
	rootObject = C74A72C3293BA950003DFE3C /* Project object */;
}
